<?xml version="1.0" encoding="UTF-8"?>
<CONFIG>
  <ProjectOptions>
    <Version Value="12"/>
    <PathDelim Value="\"/>
    <General>
      <Flags>
        <MainUnitHasCreateFormStatements Value="False"/>
        <MainUnitHasTitleStatement Value="False"/>
        <MainUnitHasScaledStatement Value="False"/>
      </Flags>
      <SessionStorage Value="InProjectDir"/>
      <Title Value="Analizador_Lexico2"/>
      <UseAppBundle Value="False"/>
      <ResourceType Value="res"/>
    </General>
    <BuildModes>
      <Item Name="Default" Default="True"/>
    </BuildModes>
    <PublishOptions>
      <Version Value="2"/>
      <UseFileFilters Value="True"/>
    </PublishOptions>
    <RunParams>
      <FormatVersion Value="2"/>
    </RunParams>
    <RequiredPackages>
      <Item>
        <PackageName Value="LCL"/>
      </Item>
    </RequiredPackages>
    <Units>
      <Unit>
        <Filename Value="Analizador_Lexico2.pas"/>
        <IsPartOfProject Value="True"/>
        <UnitName Value="ProgramaFinal"/>
      </Unit>
      <Unit>
        <Filename Value="archivos.pas"/>
        <IsPartOfProject Value="True"/>
        <UnitName Value="Archivos"/>
      </Unit>
      <Unit>
        <Filename Value="tabladesimbolos.pas"/>
        <IsPartOfProject Value="True"/>
        <UnitName Value="TablaDeSimbolos"/>
      </Unit>
      <Unit>
        <Filename Value="manejoconlista.pas"/>
        <IsPartOfProject Value="True"/>
        <UnitName Value="ManejoConLista"/>
      </Unit>
      <Unit>
        <Filename Value="analizadorsintactico.pas"/>
        <IsPartOfProject Value="True"/>
        <UnitName Value="analizadorSintactico"/>
      </Unit>
      <Unit>
        <Filename Value="analizadorlexico.pas"/>
        <IsPartOfProject Value="True"/>
        <UnitName Value="AnalizadorLexico"/>
      </Unit>
      <Unit>
        <Filename Value="evaluador.pas"/>
        <IsPartOfProject Value="True"/>
        <UnitName Value="Evaluador"/>
      </Unit>
    </Units>
  </ProjectOptions>
  <CompilerOptions>
    <Version Value="11"/>
    <PathDelim Value="\"/>
    <Target>
      <Filename Value="Analizador_Lexico2"/>
    </Target>
    <SearchPaths>
      <IncludeFiles Value="$(ProjOutDir)"/>
      <UnitOutputDirectory Value="lib\$(TargetCPU)-$(TargetOS)"/>
    </SearchPaths>
    <Linking>
      <Debugging>
        <DebugInfoType Value="dsDwarf2Set"/>
      </Debugging>
    </Linking>
  </CompilerOptions>
  <Debugging>
    <Exceptions>
      <Item>
        <Name Value="EAbort"/>
      </Item>
      <Item>
        <Name Value="ECodetoolError"/>
      </Item>
      <Item>
        <Name Value="EFOpenError"/>
      </Item>
    </Exceptions>
  </Debugging>
</CONFIG>
